
Microsoft Visual Studio Solution File, Format Version 12.00
# Visual Studio Version 16
VisualStudioVersion = 16.0.31105.61
MinimumVisualStudioVersion = 10.0.40219.1
Project("{9A19103F-16F7-4668-BE54-9A1E7A4F7556}") = "ProgressionVector", "ProgressionVector.csproj", "{50A80D5B-4BFC-4E77-8907-4C73B0CD8579}"
EndProject
Project("{FAE04EC0-301F-11D3-BF4B-00C04F79EFBC}") = "PVA_test", "..\PVA_test\PVA_test.csproj", "{46AB8601-F4E5-4932-92F4-5F927034DA23}"
EndProject
Global
	GlobalSection(SolutionConfigurationPlatforms) = preSolution
		Debug|Any CPU = Debug|Any CPU
		Release|Any CPU = Release|Any CPU
	EndGlobalSection
	GlobalSection(ProjectConfigurationPlatforms) = postSolution
		{50A80D5B-4BFC-4E77-8907-4C73B0CD8579}.Debug|Any CPU.ActiveCfg = Debug|Any CPU
		{50A80D5B-4BFC-4E77-8907-4C73B0CD8579}.Debug|Any CPU.Build.0 = Debug|Any CPU
		{50A80D5B-4BFC-4E77-8907-4C73B0CD8579}.Release|Any CPU.ActiveCfg = Release|Any CPU
		{50A80D5B-4BFC-4E77-8907-4C73B0CD8579}.Release|Any CPU.Build.0 = Release|Any CPU
		{46AB8601-F4E5-4932-92F4-5F927034DA23}.Debug|Any CPU.ActiveCfg = Debug|Any CPU
		{46AB8601-F4E5-4932-92F4-5F927034DA23}.Debug|Any CPU.Build.0 = Debug|Any CPU
		{46AB8601-F4E5-4932-92F4-5F927034DA23}.Release|Any CPU.ActiveCfg = Release|Any CPU
		{46AB8601-F4E5-4932-92F4-5F927034DA23}.Release|Any CPU.Build.0 = Release|Any CPU
	EndGlobalSection
	GlobalSection(SolutionProperties) = preSolution
		HideSolutionNode = FALSE
	EndGlobalSection
	GlobalSection(ExtensibilityGlobals) = postSolution
		SolutionGuid = {D93BEE25-861D-44E3-9FAE-AD5171DD0385}
	EndGlobalSection
EndGlobal
